
Microsoft Visual Studio Solution File, Format Version 12.00
# Visual Studio Version 16
VisualStudioVersion = 16.0.30711.63
MinimumVisualStudioVersion = 10.0.40219.1
Project("{9A19103F-16F7-4668-BE54-9A1E7A4F7556}") = "TechTreeAPI", "TechTreeAPI\TechTreeAPI.csproj", "{4003EFAC-F9FC-4E59-A961-146CF24F81C2}"
EndProject
Project("{2150E333-8FDC-42A3-9474-1A3956D46DE8}") = "API", "API", "{33123F3D-D165-4011-A9EA-7CAB32694E00}"
EndProject
Project("{2150E333-8FDC-42A3-9474-1A3956D46DE8}") = "BoundedContext", "BoundedContext", "{391BD303-6188-43F2-80F4-C4F94AEC7A4B}"
EndProject
Project("{2150E333-8FDC-42A3-9474-1A3956D46DE8}") = "Infrastructure", "Infrastructure", "{27A9236E-3561-46CE-8379-E7B70F8C253C}"
EndProject
Project("{FAE04EC0-301F-11D3-BF4B-00C04F79EFBC}") = "TechTreeAPI.SqlServe", "TechTreeAPI.SqlServe\TechTreeAPI.SqlServe.csproj", "{B3DEF8F8-2525-475A-8F49-26C307BDE9EE}"
EndProject
Project("{FAE04EC0-301F-11D3-BF4B-00C04F79EFBC}") = "TechTreeAPI.Model", "TechTreeAPI.Model\TechTreeAPI.Model.csproj", "{E986B320-E311-4EDF-99EF-45B0292BF2AA}"
EndProject
Project("{2150E333-8FDC-42A3-9474-1A3956D46DE8}") = "Base", "Base", "{98CF57CC-D65A-4F9D-B947-75ECBBF51900}"
EndProject
Project("{2150E333-8FDC-42A3-9474-1A3956D46DE8}") = "Main", "Main", "{85ED3709-3BCC-438E-9E8C-CD5944D56AF2}"
EndProject
Project("{FAE04EC0-301F-11D3-BF4B-00C04F79EFBC}") = "TechTreeAPI.Main.Data", "TechTreeAPI.Main.GeneralRepository\TechTreeAPI.Main.Data.csproj", "{485624F2-5F45-4E02-9F77-54519B2B9368}"
EndProject
Project("{FAE04EC0-301F-11D3-BF4B-00C04F79EFBC}") = "TechTreeAPI.Main.IData", "TechTreeAPI.Main.IData\TechTreeAPI.Main.IData.csproj", "{F208EF34-6378-4A09-9C79-9FB2D7E6EAFC}"
EndProject
Project("{FAE04EC0-301F-11D3-BF4B-00C04F79EFBC}") = "TechTreeAPI.Main.Dto", "TechTreeAPI.Main.Dto\TechTreeAPI.Main.Dto.csproj", "{B7BC8EFC-45F6-44BD-AC1D-CC223A0D201A}"
EndProject
Project("{FAE04EC0-301F-11D3-BF4B-00C04F79EFBC}") = "TechTreeAPI.Base", "TechTreeAPI.Base\TechTreeAPI.Base.csproj", "{38D57145-9E37-4703-807A-4DE13AD3104C}"
EndProject
Global
	GlobalSection(SolutionConfigurationPlatforms) = preSolution
		Debug|Any CPU = Debug|Any CPU
		Release|Any CPU = Release|Any CPU
	EndGlobalSection
	GlobalSection(ProjectConfigurationPlatforms) = postSolution
		{4003EFAC-F9FC-4E59-A961-146CF24F81C2}.Debug|Any CPU.ActiveCfg = Debug|Any CPU
		{4003EFAC-F9FC-4E59-A961-146CF24F81C2}.Debug|Any CPU.Build.0 = Debug|Any CPU
		{4003EFAC-F9FC-4E59-A961-146CF24F81C2}.Release|Any CPU.ActiveCfg = Release|Any CPU
		{4003EFAC-F9FC-4E59-A961-146CF24F81C2}.Release|Any CPU.Build.0 = Release|Any CPU
		{B3DEF8F8-2525-475A-8F49-26C307BDE9EE}.Debug|Any CPU.ActiveCfg = Debug|Any CPU
		{B3DEF8F8-2525-475A-8F49-26C307BDE9EE}.Debug|Any CPU.Build.0 = Debug|Any CPU
		{B3DEF8F8-2525-475A-8F49-26C307BDE9EE}.Release|Any CPU.ActiveCfg = Release|Any CPU
		{B3DEF8F8-2525-475A-8F49-26C307BDE9EE}.Release|Any CPU.Build.0 = Release|Any CPU
		{E986B320-E311-4EDF-99EF-45B0292BF2AA}.Debug|Any CPU.ActiveCfg = Debug|Any CPU
		{E986B320-E311-4EDF-99EF-45B0292BF2AA}.Debug|Any CPU.Build.0 = Debug|Any CPU
		{E986B320-E311-4EDF-99EF-45B0292BF2AA}.Release|Any CPU.ActiveCfg = Release|Any CPU
		{E986B320-E311-4EDF-99EF-45B0292BF2AA}.Release|Any CPU.Build.0 = Release|Any CPU
		{485624F2-5F45-4E02-9F77-54519B2B9368}.Debug|Any CPU.ActiveCfg = Debug|Any CPU
		{485624F2-5F45-4E02-9F77-54519B2B9368}.Debug|Any CPU.Build.0 = Debug|Any CPU
		{485624F2-5F45-4E02-9F77-54519B2B9368}.Release|Any CPU.ActiveCfg = Release|Any CPU
		{485624F2-5F45-4E02-9F77-54519B2B9368}.Release|Any CPU.Build.0 = Release|Any CPU
		{F208EF34-6378-4A09-9C79-9FB2D7E6EAFC}.Debug|Any CPU.ActiveCfg = Debug|Any CPU
		{F208EF34-6378-4A09-9C79-9FB2D7E6EAFC}.Debug|Any CPU.Build.0 = Debug|Any CPU
		{F208EF34-6378-4A09-9C79-9FB2D7E6EAFC}.Release|Any CPU.ActiveCfg = Release|Any CPU
		{F208EF34-6378-4A09-9C79-9FB2D7E6EAFC}.Release|Any CPU.Build.0 = Release|Any CPU
		{B7BC8EFC-45F6-44BD-AC1D-CC223A0D201A}.Debug|Any CPU.ActiveCfg = Debug|Any CPU
		{B7BC8EFC-45F6-44BD-AC1D-CC223A0D201A}.Debug|Any CPU.Build.0 = Debug|Any CPU
		{B7BC8EFC-45F6-44BD-AC1D-CC223A0D201A}.Release|Any CPU.ActiveCfg = Release|Any CPU
		{B7BC8EFC-45F6-44BD-AC1D-CC223A0D201A}.Release|Any CPU.Build.0 = Release|Any CPU
		{38D57145-9E37-4703-807A-4DE13AD3104C}.Debug|Any CPU.ActiveCfg = Debug|Any CPU
		{38D57145-9E37-4703-807A-4DE13AD3104C}.Debug|Any CPU.Build.0 = Debug|Any CPU
		{38D57145-9E37-4703-807A-4DE13AD3104C}.Release|Any CPU.ActiveCfg = Release|Any CPU
		{38D57145-9E37-4703-807A-4DE13AD3104C}.Release|Any CPU.Build.0 = Release|Any CPU
	EndGlobalSection
	GlobalSection(SolutionProperties) = preSolution
		HideSolutionNode = FALSE
	EndGlobalSection
	GlobalSection(NestedProjects) = preSolution
		{4003EFAC-F9FC-4E59-A961-146CF24F81C2} = {33123F3D-D165-4011-A9EA-7CAB32694E00}
		{B3DEF8F8-2525-475A-8F49-26C307BDE9EE} = {27A9236E-3561-46CE-8379-E7B70F8C253C}
		{E986B320-E311-4EDF-99EF-45B0292BF2AA} = {27A9236E-3561-46CE-8379-E7B70F8C253C}
		{98CF57CC-D65A-4F9D-B947-75ECBBF51900} = {391BD303-6188-43F2-80F4-C4F94AEC7A4B}
		{85ED3709-3BCC-438E-9E8C-CD5944D56AF2} = {391BD303-6188-43F2-80F4-C4F94AEC7A4B}
		{485624F2-5F45-4E02-9F77-54519B2B9368} = {85ED3709-3BCC-438E-9E8C-CD5944D56AF2}
		{F208EF34-6378-4A09-9C79-9FB2D7E6EAFC} = {85ED3709-3BCC-438E-9E8C-CD5944D56AF2}
		{B7BC8EFC-45F6-44BD-AC1D-CC223A0D201A} = {85ED3709-3BCC-438E-9E8C-CD5944D56AF2}
		{38D57145-9E37-4703-807A-4DE13AD3104C} = {98CF57CC-D65A-4F9D-B947-75ECBBF51900}
	EndGlobalSection
	GlobalSection(ExtensibilityGlobals) = postSolution
		SolutionGuid = {5351C022-4464-40E1-9579-3F38D99D4051}
	EndGlobalSection
EndGlobal
